
Microsoft Visual Studio Solution File, Format Version 12.00
# Visual Studio Version 17
VisualStudioVersion = 17.3.32922.545
MinimumVisualStudioVersion = 10.0.40219.1
Project("{9A19103F-16F7-4668-BE54-9A1E7A4F7556}") = "sixthLec", "sixthLec.csproj", "{58C8EA14-1885-4D02-9CA1-768416072007}"
EndProject
Global
	GlobalSection(SolutionConfigurationPlatforms) = preSolution
		Debug|Any CPU = Debug|Any CPU
		Release|Any CPU = Release|Any CPU
	EndGlobalSection
	GlobalSection(ProjectConfigurationPlatforms) = postSolution
		{58C8EA14-1885-4D02-9CA1-768416072007}.Debug|Any CPU.ActiveCfg = Debug|Any CPU
		{58C8EA14-1885-4D02-9CA1-768416072007}.Debug|Any CPU.Build.0 = Debug|Any CPU
		{58C8EA14-1885-4D02-9CA1-768416072007}.Release|Any CPU.ActiveCfg = Release|Any CPU
		{58C8EA14-1885-4D02-9CA1-768416072007}.Release|Any CPU.Build.0 = Release|Any CPU
	EndGlobalSection
	GlobalSection(SolutionProperties) = preSolution
		HideSolutionNode = FALSE
	EndGlobalSection
	GlobalSection(ExtensibilityGlobals) = postSolution
		SolutionGuid = {A5F11BE4-6336-4CF6-840C-F90B1F7CABBF}
	EndGlobalSection
EndGlobal
